{
  "name": "generic-components",
  "version": "1.0.0",
  "lockfileVersion": 3,
  "requires": true,
  "packages": {
    "": {
      "name": "generic-components",
      "version": "1.0.0",
      "license": "ISC",
      "dependencies": {
        "promise-fs": "2.1.1"
      },
      "devDependencies": {
        "@types/node": "25.5.0",
        "@types/promise-fs": "^2.1.5",
        "typescript": "^4.6.4"
      }
    },
    "node_modules/@octetstream/promisify": {
      "version": "2.0.2",
      "resolved": "https://registry.npmjs.org/@octetstream/promisify/-/promisify-2.0.2.tgz",
      "integrity": "sha512-7XHoRB61hxsz8lBQrjC1tq/3OEIgpvGWg6DKAdwi7WRzruwkmsdwmOoUXbU4Dtd4RSOMDwed0SkP3y8UlMt1Bg==",
      "license": "MIT",
      "engines": {
        "node": "6.x || >=8.x"
      }
    },
    "node_modules/@types/node": {
      "version": "25.5.0",
      "resolved": "https://registry.npmjs.org/@types/node/-/node-25.5.0.tgz",
      "integrity": "sha512-jp2P3tQMSxWugkCUKLRPVUpGaL5MVFwF8RDuSRztfwgN1wmqJeMSbKlnEtQqU8UrhTmzEmZdu2I6v2dpp7XIxw==",
      "dev": true,
      "license": "MIT",
      "dependencies": {
        "undici-types": "~7.18.0"
      }
    },
    "node_modules/@types/promise-fs": {
      "version": "2.1.5",
      "resolved": "https://registry.npmjs.org/@types/promise-fs/-/promise-fs-2.1.5.tgz",
      "integrity": "sha512-C8bi4Xh6HlixkGspIDaX/zFA+r1+UHUuXYJCCqi6oBlVjxF870kPv38aJlSRo0u1j+2YBi0PLP7PGMZIBbCQ6Q==",
      "dev": true,
      "license": "MIT",
      "dependencies": {
        "@types/node": "*"
      }
    },
    "node_modules/promise-fs": {
      "version": "2.1.1",
      "resolved": "https://registry.npmjs.org/promise-fs/-/promise-fs-2.1.1.tgz",
      "integrity": "sha512-43p7e4QzAQ3w6eyN0+gbBL7jXiZFWLWYITg9wIObqkBySu/a5K1EDcQ/S6UyB/bmiZWDA4NjTbcopKLTaKcGSw==",
      "license": "MIT",
      "dependencies": {
        "@octetstream/promisify": "2.0.2"
      },
      "engines": {
        "node": ">=6"
      }
    },
    "node_modules/typescript": {
      "version": "4.6.4",
      "resolved": "https://registry.npmjs.org/typescript/-/typescript-4.6.4.tgz",
      "integrity": "sha512-9ia/jWHIEbo49HfjrLGfKbZSuWo9iTMwXO+Ca3pRsSpbsMbc7/IU8NKdCZVRRBafVPGnoJeFL76ZOAA84I9fEg==",
      "dev": true,
      "bin": {
        "tsc": "bin/tsc",
        "tsserver": "bin/tsserver"
      },
      "engines": {
        "node": ">=4.2.0"
      }
    },
    "node_modules/undici-types": {
      "version": "7.18.2",
      "resolved": "https://registry.npmjs.org/undici-types/-/undici-types-7.18.2.tgz",
      "integrity": "sha512-AsuCzffGHJybSaRrmr5eHr81mwJU3kjw6M+uprWvCXiNeN9SOGwQ3Jn8jb8m3Z6izVgknn1R0FTCEAP2QrLY/w==",
      "dev": true,
      "license": "MIT"
    }
  }
}
